// !$*UTF8*$!
{
	archiveVersion = 1;
	classes = {
	};
	objectVersion = 56;
	objects = {

/* Begin PBXBuildFile section */
		7E1DDB922A1FC6B600611A36 /* AppDelegate.swift in Sources */ = {isa = PBXBuildFile; fileRef = 7E1DDB912A1FC6B600611A36 /* AppDelegate.swift */; };
		7E1DDB942A1FC6B600611A36 /* SceneDelegate.swift in Sources */ = {isa = PBXBuildFile; fileRef = 7E1DDB932A1FC6B600611A36 /* SceneDelegate.swift */; };
		7E1DDB992A1FC6B600611A36 /* Main.storyboard in Resources */ = {isa = PBXBuildFile; fileRef = 7E1DDB972A1FC6B600611A36 /* Main.storyboard */; };
		7E1DDB9B2A1FC6B700611A36 /* Assets.xcassets in Resources */ = {isa = PBXBuildFile; fileRef = 7E1DDB9A2A1FC6B700611A36 /* Assets.xcassets */; };
		7E1DDB9E2A1FC6B700611A36 /* LaunchScreen.storyboard in Resources */ = {isa = PBXBuildFile; fileRef = 7E1DDB9C2A1FC6B700611A36 /* LaunchScreen.storyboard */; };
		7E1DDBA62A1FCA8500611A36 /* HomeCollectionCollectionViewController.swift in Sources */ = {isa = PBXBuildFile; fileRef = 7E1DDBA52A1FCA8500611A36 /* HomeCollectionCollectionViewController.swift */; };
		7E1DDBA82A1FCA9E00611A36 /* HabitCollectionViewController.swift in Sources */ = {isa = PBXBuildFile; fileRef = 7E1DDBA72A1FCA9E00611A36 /* HabitCollectionViewController.swift */; };
		7E1DDBAA2A1FCAB600611A36 /* UserCollectionViewController.swift in Sources */ = {isa = PBXBuildFile; fileRef = 7E1DDBA92A1FCAB600611A36 /* UserCollectionViewController.swift */; };
		7E1DDBAC2A1FCAC600611A36 /* LogHabitCollectionViewController.swift in Sources */ = {isa = PBXBuildFile; fileRef = 7E1DDBAB2A1FCAC600611A36 /* LogHabitCollectionViewController.swift */; };
		7E1DDBAE2A206F5700611A36 /* HabitDetailViewController.swift in Sources */ = {isa = PBXBuildFile; fileRef = 7E1DDBAD2A206F5700611A36 /* HabitDetailViewController.swift */; };
		7E1DDBB02A206F6F00611A36 /* UserDetailViewController.swift in Sources */ = {isa = PBXBuildFile; fileRef = 7E1DDBAF2A206F6F00611A36 /* UserDetailViewController.swift */; };
		7E1DDBB22A2070BE00611A36 /* Habit.swift in Sources */ = {isa = PBXBuildFile; fileRef = 7E1DDBB12A2070BE00611A36 /* Habit.swift */; };
		7E1DDBB42A2070D900611A36 /* Category.swift in Sources */ = {isa = PBXBuildFile; fileRef = 7E1DDBB32A2070D900611A36 /* Category.swift */; };
		7E1DDBB62A2070FF00611A36 /* Color.swift in Sources */ = {isa = PBXBuildFile; fileRef = 7E1DDBB52A2070FF00611A36 /* Color.swift */; };
		7E1DDBB82A20712D00611A36 /* APIRequest.swift in Sources */ = {isa = PBXBuildFile; fileRef = 7E1DDBB72A20712D00611A36 /* APIRequest.swift */; };
		7E1DDBBA2A2071BC00611A36 /* APIService.swift in Sources */ = {isa = PBXBuildFile; fileRef = 7E1DDBB92A2071BC00611A36 /* APIService.swift */; };
		7E1DDBBC2A20756300611A36 /* Settings.swift in Sources */ = {isa = PBXBuildFile; fileRef = 7E1DDBBB2A20756300611A36 /* Settings.swift */; };
		7E1DDBBE2A20775F00611A36 /* UICollectionViewDiffableDataSource+ViewModel.swift in Sources */ = {isa = PBXBuildFile; fileRef = 7E1DDBBD2A20775F00611A36 /* UICollectionViewDiffableDataSource+ViewModel.swift */; };
		7E1DDBC22A207B3B00611A36 /* NamedSectionHeaderView..swift in Sources */ = {isa = PBXBuildFile; fileRef = 7E1DDBC12A207B3B00611A36 /* NamedSectionHeaderView..swift */; };
/* End PBXBuildFile section */

/* Begin PBXFileReference section */
		7E1DDB8E2A1FC6B600611A36 /* Habits.app */ = {isa = PBXFileReference; explicitFileType = wrapper.application; includeInIndex = 0; path = Habits.app; sourceTree = BUILT_PRODUCTS_DIR; };
		7E1DDB912A1FC6B600611A36 /* AppDelegate.swift */ = {isa = PBXFileReference; lastKnownFileType = sourcecode.swift; path = AppDelegate.swift; sourceTree = "<group>"; };
		7E1DDB932A1FC6B600611A36 /* SceneDelegate.swift */ = {isa = PBXFileReference; lastKnownFileType = sourcecode.swift; path = SceneDelegate.swift; sourceTree = "<group>"; };
		7E1DDB982A1FC6B600611A36 /* Base */ = {isa = PBXFileReference; lastKnownFileType = file.storyboard; name = Base; path = Base.lproj/Main.storyboard; sourceTree = "<group>"; };
		7E1DDB9A2A1FC6B700611A36 /* Assets.xcassets */ = {isa = PBXFileReference; lastKnownFileType = folder.assetcatalog; path = Assets.xcassets; sourceTree = "<group>"; };
		7E1DDB9D2A1FC6B700611A36 /* Base */ = {isa = PBXFileReference; lastKnownFileType = file.storyboard; name = Base; path = Base.lproj/LaunchScreen.storyboard; sourceTree = "<group>"; };
		7E1DDB9F2A1FC6B700611A36 /* Info.plist */ = {isa = PBXFileReference; lastKnownFileType = text.plist.xml; path = Info.plist; sourceTree = "<group>"; };
		7E1DDBA52A1FCA8500611A36 /* HomeCollectionCollectionViewController.swift */ = {isa = PBXFileReference; lastKnownFileType = sourcecode.swift; path = HomeCollectionCollectionViewController.swift; sourceTree = "<group>"; };
		7E1DDBA72A1FCA9E00611A36 /* HabitCollectionViewController.swift */ = {isa = PBXFileReference; lastKnownFileType = sourcecode.swift; path = HabitCollectionViewController.swift; sourceTree = "<group>"; };
		7E1DDBA92A1FCAB600611A36 /* UserCollectionViewController.swift */ = {isa = PBXFileReference; lastKnownFileType = sourcecode.swift; path = UserCollectionViewController.swift; sourceTree = "<group>"; };
		7E1DDBAB2A1FCAC600611A36 /* LogHabitCollectionViewController.swift */ = {isa = PBXFileReference; lastKnownFileType = sourcecode.swift; path = LogHabitCollectionViewController.swift; sourceTree = "<group>"; };
		7E1DDBAD2A206F5700611A36 /* HabitDetailViewController.swift */ = {isa = PBXFileReference; lastKnownFileType = sourcecode.swift; path = HabitDetailViewController.swift; sourceTree = "<group>"; };
		7E1DDBAF2A206F6F00611A36 /* UserDetailViewController.swift */ = {isa = PBXFileReference; lastKnownFileType = sourcecode.swift; path = UserDetailViewController.swift; sourceTree = "<group>"; };
		7E1DDBB12A2070BE00611A36 /* Habit.swift */ = {isa = PBXFileReference; lastKnownFileType = sourcecode.swift; path = Habit.swift; sourceTree = "<group>"; };
		7E1DDBB32A2070D900611A36 /* Category.swift */ = {isa = PBXFileReference; lastKnownFileType = sourcecode.swift; path = Category.swift; sourceTree = "<group>"; };
		7E1DDBB52A2070FF00611A36 /* Color.swift */ = {isa = PBXFileReference; lastKnownFileType = sourcecode.swift; path = Color.swift; sourceTree = "<group>"; };
		7E1DDBB72A20712D00611A36 /* APIRequest.swift */ = {isa = PBXFileReference; lastKnownFileType = sourcecode.swift; path = APIRequest.swift; sourceTree = "<group>"; };
		7E1DDBB92A2071BC00611A36 /* APIService.swift */ = {isa = PBXFileReference; lastKnownFileType = sourcecode.swift; path = APIService.swift; sourceTree = "<group>"; };
		7E1DDBBB2A20756300611A36 /* Settings.swift */ = {isa = PBXFileReference; lastKnownFileType = sourcecode.swift; path = Settings.swift; sourceTree = "<group>"; };
		7E1DDBBD2A20775F00611A36 /* UICollectionViewDiffableDataSource+ViewModel.swift */ = {isa = PBXFileReference; lastKnownFileType = sourcecode.swift; path = "UICollectionViewDiffableDataSource+ViewModel.swift"; sourceTree = "<group>"; };
		7E1DDBC12A207B3B00611A36 /* NamedSectionHeaderView..swift */ = {isa = PBXFileReference; lastKnownFileType = sourcecode.swift; path = NamedSectionHeaderView..swift; sourceTree = "<group>"; };
/* End PBXFileReference section */

/* Begin PBXFrameworksBuildPhase section */
		7E1DDB8B2A1FC6B600611A36 /* Frameworks */ = {
			isa = PBXFrameworksBuildPhase;
			buildActionMask = 2147483647;
			files = (
			);
			runOnlyForDeploymentPostprocessing = 0;
		};
/* End PBXFrameworksBuildPhase section */

/* Begin PBXGroup section */
		7E1DDB852A1FC6B600611A36 = {
			isa = PBXGroup;
			children = (
				7E1DDB902A1FC6B600611A36 /* Habits */,
				7E1DDB8F2A1FC6B600611A36 /* Products */,
			);
			sourceTree = "<group>";
		};
		7E1DDB8F2A1FC6B600611A36 /* Products */ = {
			isa = PBXGroup;
			children = (
				7E1DDB8E2A1FC6B600611A36 /* Habits.app */,
			);
			name = Products;
			sourceTree = "<group>";
		};
		7E1DDB902A1FC6B600611A36 /* Habits */ = {
			isa = PBXGroup;
			children = (
				7E1DDB912A1FC6B600611A36 /* AppDelegate.swift */,
				7E1DDB932A1FC6B600611A36 /* SceneDelegate.swift */,
				7E1DDBA52A1FCA8500611A36 /* HomeCollectionCollectionViewController.swift */,
				7E1DDBA72A1FCA9E00611A36 /* HabitCollectionViewController.swift */,
				7E1DDBC12A207B3B00611A36 /* NamedSectionHeaderView..swift */,
				7E1DDBBB2A20756300611A36 /* Settings.swift */,
				7E1DDBAD2A206F5700611A36 /* HabitDetailViewController.swift */,
				7E1DDBBD2A20775F00611A36 /* UICollectionViewDiffableDataSource+ViewModel.swift */,
				7E1DDBAB2A1FCAC600611A36 /* LogHabitCollectionViewController.swift */,
				7E1DDBA92A1FCAB600611A36 /* UserCollectionViewController.swift */,
				7E1DDBAF2A206F6F00611A36 /* UserDetailViewController.swift */,
				7E1DDBB32A2070D900611A36 /* Category.swift */,
				7E1DDBB52A2070FF00611A36 /* Color.swift */,
				7E1DDBB92A2071BC00611A36 /* APIService.swift */,
				7E1DDBB72A20712D00611A36 /* APIRequest.swift */,
				7E1DDBB12A2070BE00611A36 /* Habit.swift */,
				7E1DDB972A1FC6B600611A36 /* Main.storyboard */,
				7E1DDB9A2A1FC6B700611A36 /* Assets.xcassets */,
				7E1DDB9C2A1FC6B700611A36 /* LaunchScreen.storyboard */,
				7E1DDB9F2A1FC6B700611A36 /* Info.plist */,
			);
			path = Habits;
			sourceTree = "<group>";
		};
/* End PBXGroup section */

/* Begin PBXNativeTarget section */
		7E1DDB8D2A1FC6B600611A36 /* Habits */ = {
			isa = PBXNativeTarget;
			buildConfigurationList = 7E1DDBA22A1FC6B700611A36 /* Build configuration list for PBXNativeTarget "Habits" */;
			buildPhases = (
				7E1DDB8A2A1FC6B600611A36 /* Sources */,
				7E1DDB8B2A1FC6B600611A36 /* Frameworks */,
				7E1DDB8C2A1FC6B600611A36 /* Resources */,
			);
			buildRules = (
			);
			dependencies = (
			);
			name = Habits;
			productName = Habits;
			productReference = 7E1DDB8E2A1FC6B600611A36 /* Habits.app */;
			productType = "com.apple.product-type.application";
		};
/* End PBXNativeTarget section */

/* Begin PBXProject section */
		7E1DDB862A1FC6B600611A36 /* Project object */ = {
			isa = PBXProject;
			attributes = {
				BuildIndependentTargetsInParallel = 1;
				LastSwiftUpdateCheck = 1430;
				LastUpgradeCheck = 1430;
				TargetAttributes = {
					7E1DDB8D2A1FC6B600611A36 = {
						CreatedOnToolsVersion = 14.3;
					};
				};
			};
			buildConfigurationList = 7E1DDB892A1FC6B600611A36 /* Build configuration list for PBXProject "Habits" */;
			compatibilityVersion = "Xcode 14.0";
			developmentRegion = en;
			hasScannedForEncodings = 0;
			knownRegions = (
				en,
				Base,
			);
			mainGroup = 7E1DDB852A1FC6B600611A36;
			productRefGroup = 7E1DDB8F2A1FC6B600611A36 /* Products */;
			projectDirPath = "";
			projectRoot = "";
			targets = (
				7E1DDB8D2A1FC6B600611A36 /* Habits */,
			);
		};
/* End PBXProject section */

/* Begin PBXResourcesBuildPhase section */
		7E1DDB8C2A1FC6B600611A36 /* Resources */ = {
			isa = PBXResourcesBuildPhase;
			buildActionMask = 2147483647;
			files = (
				7E1DDB9E2A1FC6B700611A36 /* LaunchScreen.storyboard in Resources */,
				7E1DDB9B2A1FC6B700611A36 /* Assets.xcassets in Resources */,
				7E1DDB992A1FC6B600611A36 /* Main.storyboard in Resources */,
			);
			runOnlyForDeploymentPostprocessing = 0;
		};
/* End PBXResourcesBuildPhase section */

/* Begin PBXSourcesBuildPhase section */
		7E1DDB8A2A1FC6B600611A36 /* Sources */ = {
			isa = PBXSourcesBuildPhase;
			buildActionMask = 2147483647;
			files = (
				7E1DDB922A1FC6B600611A36 /* AppDelegate.swift in Sources */,
				7E1DDBB42A2070D900611A36 /* Category.swift in Sources */,
				7E1DDBBE2A20775F00611A36 /* UICollectionViewDiffableDataSource+ViewModel.swift in Sources */,
				7E1DDBB62A2070FF00611A36 /* Color.swift in Sources */,
				7E1DDBC22A207B3B00611A36 /* NamedSectionHeaderView..swift in Sources */,
				7E1DDBAA2A1FCAB600611A36 /* UserCollectionViewController.swift in Sources */,
				7E1DDBBC2A20756300611A36 /* Settings.swift in Sources */,
				7E1DDBB02A206F6F00611A36 /* UserDetailViewController.swift in Sources */,
				7E1DDBA82A1FCA9E00611A36 /* HabitCollectionViewController.swift in Sources */,
				7E1DDB942A1FC6B600611A36 /* SceneDelegate.swift in Sources */,
				7E1DDBAC2A1FCAC600611A36 /* LogHabitCollectionViewController.swift in Sources */,
				7E1DDBB22A2070BE00611A36 /* Habit.swift in Sources */,
				7E1DDBBA2A2071BC00611A36 /* APIService.swift in Sources */,
				7E1DDBAE2A206F5700611A36 /* HabitDetailViewController.swift in Sources */,
				7E1DDBB82A20712D00611A36 /* APIRequest.swift in Sources */,
				7E1DDBA62A1FCA8500611A36 /* HomeCollectionCollectionViewController.swift in Sources */,
			);
			runOnlyForDeploymentPostprocessing = 0;
		};
/* End PBXSourcesBuildPhase section */

/* Begin PBXVariantGroup section */
		7E1DDB972A1FC6B600611A36 /* Main.storyboard */ = {
			isa = PBXVariantGroup;
			children = (
				7E1DDB982A1FC6B600611A36 /* Base */,
			);
			name = Main.storyboard;
			sourceTree = "<group>";
		};
		7E1DDB9C2A1FC6B700611A36 /* LaunchScreen.storyboard */ = {
			isa = PBXVariantGroup;
			children = (
				7E1DDB9D2A1FC6B700611A36 /* Base */,
			);
			name = LaunchScreen.storyboard;
			sourceTree = "<group>";
		};
/* End PBXVariantGroup section */

/* Begin XCBuildConfiguration section */
		7E1DDBA02A1FC6B700611A36 /* Debug */ = {
			isa = XCBuildConfiguration;
			buildSettings = {
				ALWAYS_SEARCH_USER_PATHS = NO;
				CLANG_ANALYZER_NONNULL = YES;
				CLANG_ANALYZER_NUMBER_OBJECT_CONVERSION = YES_AGGRESSIVE;
				CLANG_CXX_LANGUAGE_STANDARD = "gnu++20";
				CLANG_ENABLE_MODULES = YES;
				CLANG_ENABLE_OBJC_ARC = YES;
				CLANG_ENABLE_OBJC_WEAK = YES;
				CLANG_WARN_BLOCK_CAPTURE_AUTORELEASING = YES;
				CLANG_WARN_BOOL_CONVERSION = YES;
				CLANG_WARN_COMMA = YES;
				CLANG_WARN_CONSTANT_CONVERSION = YES;
				CLANG_WARN_DEPRECATED_OBJC_IMPLEMENTATIONS = YES;
				CLANG_WARN_DIRECT_OBJC_ISA_USAGE = YES_ERROR;
				CLANG_WARN_DOCUMENTATION_COMMENTS = YES;
				CLANG_WARN_EMPTY_BODY = YES;
				CLANG_WARN_ENUM_CONVERSION = YES;
				CLANG_WARN_INFINITE_RECURSION = YES;
				CLANG_WARN_INT_CONVERSION = YES;
				CLANG_WARN_NON_LITERAL_NULL_CONVERSION = YES;
				CLANG_WARN_OBJC_IMPLICIT_RETAIN_SELF = YES;
				CLANG_WARN_OBJC_LITERAL_CONVERSION = YES;
				CLANG_WARN_OBJC_ROOT_CLASS = YES_ERROR;
				CLANG_WARN_QUOTED_INCLUDE_IN_FRAMEWORK_HEADER = YES;
				CLANG_WARN_RANGE_LOOP_ANALYSIS = YES;
				CLANG_WARN_STRICT_PROTOTYPES = YES;
				CLANG_WARN_SUSPICIOUS_MOVE = YES;
				CLANG_WARN_UNGUARDED_AVAILABILITY = YES_AGGRESSIVE;
				CLANG_WARN_UNREACHABLE_CODE = YES;
				CLANG_WARN__DUPLICATE_METHOD_MATCH = YES;
				COPY_PHASE_STRIP = NO;
				DEBUG_INFORMATION_FORMAT = dwarf;
				ENABLE_STRICT_OBJC_MSGSEND = YES;
				ENABLE_TESTABILITY = YES;
				GCC_C_LANGUAGE_STANDARD = gnu11;
				GCC_DYNAMIC_NO_PIC = NO;
				GCC_NO_COMMON_BLOCKS = YES;
				GCC_OPTIMIZATION_LEVEL = 0;
				GCC_PREPROCESSOR_DEFINITIONS = (
					"DEBUG=1",
					"$(inherited)",
				);
				GCC_WARN_64_TO_32_BIT_CONVERSION = YES;
				GCC_WARN_ABOUT_RETURN_TYPE = YES_ERROR;
				GCC_WARN_UNDECLARED_SELECTOR = YES;
				GCC_WARN_UNINITIALIZED_AUTOS = YES_AGGRESSIVE;
				GCC_WARN_UNUSED_FUNCTION = YES;
				GCC_WARN_UNUSED_VARIABLE = YES;
				IPHONEOS_DEPLOYMENT_TARGET = 16.4;
				MTL_ENABLE_DEBUG_INFO = INCLUDE_SOURCE;
				MTL_FAST_MATH = YES;
				ONLY_ACTIVE_ARCH = YES;
				SDKROOT = iphoneos;
				SWIFT_ACTIVE_COMPILATION_CONDITIONS = DEBUG;
				SWIFT_OPTIMIZATION_LEVEL = "-Onone";
			};
			name = Debug;
		};
		7E1DDBA12A1FC6B700611A36 /* Release */ = {
			isa = XCBuildConfiguration;
			buildSettings = {
				ALWAYS_SEARCH_USER_PATHS = NO;
				CLANG_ANALYZER_NONNULL = YES;
				CLANG_ANALYZER_NUMBER_OBJECT_CONVERSION = YES_AGGRESSIVE;
				CLANG_CXX_LANGUAGE_STANDARD = "gnu++20";
				CLANG_ENABLE_MODULES = YES;
				CLANG_ENABLE_OBJC_ARC = YES;
				CLANG_ENABLE_OBJC_WEAK = YES;
				CLANG_WARN_BLOCK_CAPTURE_AUTORELEASING = YES;
				CLANG_WARN_BOOL_CONVERSION = YES;
				CLANG_WARN_COMMA = YES;
				CLANG_WARN_CONSTANT_CONVERSION = YES;
				CLANG_WARN_DEPRECATED_OBJC_IMPLEMENTATIONS = YES;
				CLANG_WARN_DIRECT_OBJC_ISA_USAGE = YES_ERROR;
				CLANG_WARN_DOCUMENTATION_COMMENTS = YES;
				CLANG_WARN_EMPTY_BODY = YES;
				CLANG_WARN_ENUM_CONVERSION = YES;
				CLANG_WARN_INFINITE_RECURSION = YES;
				CLANG_WARN_INT_CONVERSION = YES;
				CLANG_WARN_NON_LITERAL_NULL_CONVERSION = YES;
				CLANG_WARN_OBJC_IMPLICIT_RETAIN_SELF = YES;
				CLANG_WARN_OBJC_LITERAL_CONVERSION = YES;
				CLANG_WARN_OBJC_ROOT_CLASS = YES_ERROR;
				CLANG_WARN_QUOTED_INCLUDE_IN_FRAMEWORK_HEADER = YES;
				CLANG_WARN_RANGE_LOOP_ANALYSIS = YES;
				CLANG_WARN_STRICT_PROTOTYPES = YES;
				CLANG_WARN_SUSPICIOUS_MOVE = YES;
				CLANG_WARN_UNGUARDED_AVAILABILITY = YES_AGGRESSIVE;
				CLANG_WARN_UNREACHABLE_CODE = YES;
				CLANG_WARN__DUPLICATE_METHOD_MATCH = YES;
				COPY_PHASE_STRIP = NO;
				DEBUG_INFORMATION_FORMAT = "dwarf-with-dsym";
				ENABLE_NS_ASSERTIONS = NO;
				ENABLE_STRICT_OBJC_MSGSEND = YES;
				GCC_C_LANGUAGE_STANDARD = gnu11;
				GCC_NO_COMMON_BLOCKS = YES;
				GCC_WARN_64_TO_32_BIT_CONVERSION = YES;
				GCC_WARN_ABOUT_RETURN_TYPE = YES_ERROR;
				GCC_WARN_UNDECLARED_SELECTOR = YES;
				GCC_WARN_UNINITIALIZED_AUTOS = YES_AGGRESSIVE;
				GCC_WARN_UNUSED_FUNCTION = YES;
				GCC_WARN_UNUSED_VARIABLE = YES;
				IPHONEOS_DEPLOYMENT_TARGET = 16.4;
				MTL_ENABLE_DEBUG_INFO = NO;
				MTL_FAST_MATH = YES;
				SDKROOT = iphoneos;
				SWIFT_COMPILATION_MODE = wholemodule;
				SWIFT_OPTIMIZATION_LEVEL = "-O";
				VALIDATE_PRODUCT = YES;
			};
			name = Release;
		};
		7E1DDBA32A1FC6B700611A36 /* Debug */ = {
			isa = XCBuildConfiguration;
			buildSettings = {
				ASSETCATALOG_COMPILER_APPICON_NAME = AppIcon;
				ASSETCATALOG_COMPILER_GLOBAL_ACCENT_COLOR_NAME = AccentColor;
				CODE_SIGN_STYLE = Automatic;
				CURRENT_PROJECT_VERSION = 1;
				DEVELOPMENT_TEAM = L9F26C48LT;
				GENERATE_INFOPLIST_FILE = YES;
				INFOPLIST_FILE = Habits/Info.plist;
				INFOPLIST_KEY_UIApplicationSupportsIndirectInputEvents = YES;
				INFOPLIST_KEY_UILaunchStoryboardName = LaunchScreen;
				INFOPLIST_KEY_UIMainStoryboardFile = Main;
				INFOPLIST_KEY_UISupportedInterfaceOrientations_iPad = "UIInterfaceOrientationPortrait UIInterfaceOrientationPortraitUpsideDown UIInterfaceOrientationLandscapeLeft UIInterfaceOrientationLandscapeRight";
				INFOPLIST_KEY_UISupportedInterfaceOrientations_iPhone = "UIInterfaceOrientationPortrait UIInterfaceOrientationLandscapeLeft UIInterfaceOrientationLandscapeRight";
				LD_RUNPATH_SEARCH_PATHS = (
					"$(inherited)",
					"@executable_path/Frameworks",
				);
				MARKETING_VERSION = 1.0;
				PRODUCT_BUNDLE_IDENTIFIER = "Natasha-Machado.Habits";
				PRODUCT_NAME = "$(TARGET_NAME)";
				SWIFT_EMIT_LOC_STRINGS = YES;
				SWIFT_VERSION = 5.0;
				TARGETED_DEVICE_FAMILY = "1,2";
			};
			name = Debug;
		};
		7E1DDBA42A1FC6B700611A36 /* Release */ = {
			isa = XCBuildConfiguration;
			buildSettings = {
				ASSETCATALOG_COMPILER_APPICON_NAME = AppIcon;
				ASSETCATALOG_COMPILER_GLOBAL_ACCENT_COLOR_NAME = AccentColor;
				CODE_SIGN_STYLE = Automatic;
				CURRENT_PROJECT_VERSION = 1;
				DEVELOPMENT_TEAM = L9F26C48LT;
				GENERATE_INFOPLIST_FILE = YES;
				INFOPLIST_FILE = Habits/Info.plist;
				INFOPLIST_KEY_UIApplicationSupportsIndirectInputEvents = YES;
				INFOPLIST_KEY_UILaunchStoryboardName = LaunchScreen;
				INFOPLIST_KEY_UIMainStoryboardFile = Main;
				INFOPLIST_KEY_UISupportedInterfaceOrientations_iPad = "UIInterfaceOrientationPortrait UIInterfaceOrientationPortraitUpsideDown UIInterfaceOrientationLandscapeLeft UIInterfaceOrientationLandscapeRight";
				INFOPLIST_KEY_UISupportedInterfaceOrientations_iPhone = "UIInterfaceOrientationPortrait UIInterfaceOrientationLandscapeLeft UIInterfaceOrientationLandscapeRight";
				LD_RUNPATH_SEARCH_PATHS = (
					"$(inherited)",
					"@executable_path/Frameworks",
				);
				MARKETING_VERSION = 1.0;
				PRODUCT_BUNDLE_IDENTIFIER = "Natasha-Machado.Habits";
				PRODUCT_NAME = "$(TARGET_NAME)";
				SWIFT_EMIT_LOC_STRINGS = YES;
				SWIFT_VERSION = 5.0;
				TARGETED_DEVICE_FAMILY = "1,2";
			};
			name = Release;
		};
/* End XCBuildConfiguration section */

/* Begin XCConfigurationList section */
		7E1DDB892A1FC6B600611A36 /* Build configuration list for PBXProject "Habits" */ = {
			isa = XCConfigurationList;
			buildConfigurations = (
				7E1DDBA02A1FC6B700611A36 /* Debug */,
				7E1DDBA12A1FC6B700611A36 /* Release */,
			);
			defaultConfigurationIsVisible = 0;
			defaultConfigurationName = Release;
		};
		7E1DDBA22A1FC6B700611A36 /* Build configuration list for PBXNativeTarget "Habits" */ = {
			isa = XCConfigurationList;
			buildConfigurations = (
				7E1DDBA32A1FC6B700611A36 /* Debug */,
				7E1DDBA42A1FC6B700611A36 /* Release */,
			);
			defaultConfigurationIsVisible = 0;
			defaultConfigurationName = Release;
		};
/* End XCConfigurationList section */
	};
	rootObject = 7E1DDB862A1FC6B600611A36 /* Project object */;
}
